
Microsoft Visual Studio Solution File, Format Version 12.00
# Visual Studio Version 16
VisualStudioVersion = 16.0.33920.266
MinimumVisualStudioVersion = 10.0.40219.1
Project("{FAE04EC0-301F-11D3-BF4B-00C04F79EFBC}") = "SALIDAS", "SALIDAS.csproj", "{D1D232E4-C628-4372-A262-F5FE8815FFE3}"
EndProject
Project("{FAE04EC0-301F-11D3-BF4B-00C04F79EFBC}") = "DATOS", "..\DATOS\DATOS.csproj", "{EC73F5AF-8291-4F23-BE5D-67ED3D549A9E}"
EndProject
Project("{FAE04EC0-301F-11D3-BF4B-00C04F79EFBC}") = "ENTIDADES", "..\ENTIDADES\ENTIDADES.csproj", "{8032655B-848A-431B-974A-0B0E613307C1}"
EndProject
Project("{FAE04EC0-301F-11D3-BF4B-00C04F79EFBC}") = "NEGOCIO", "..\NEGOCIO\NEGOCIO.csproj", "{1B57A881-FFE0-4ACE-BF72-D17B288B4906}"
EndProject
Global
	GlobalSection(SolutionConfigurationPlatforms) = preSolution
		Debug|Any CPU = Debug|Any CPU
		Release|Any CPU = Release|Any CPU
	EndGlobalSection
	GlobalSection(ProjectConfigurationPlatforms) = postSolution
		{D1D232E4-C628-4372-A262-F5FE8815FFE3}.Debug|Any CPU.ActiveCfg = Debug|Any CPU
		{D1D232E4-C628-4372-A262-F5FE8815FFE3}.Debug|Any CPU.Build.0 = Debug|Any CPU
		{D1D232E4-C628-4372-A262-F5FE8815FFE3}.Release|Any CPU.ActiveCfg = Release|Any CPU
		{D1D232E4-C628-4372-A262-F5FE8815FFE3}.Release|Any CPU.Build.0 = Release|Any CPU
		{EC73F5AF-8291-4F23-BE5D-67ED3D549A9E}.Debug|Any CPU.ActiveCfg = Debug|Any CPU
		{EC73F5AF-8291-4F23-BE5D-67ED3D549A9E}.Debug|Any CPU.Build.0 = Debug|Any CPU
		{EC73F5AF-8291-4F23-BE5D-67ED3D549A9E}.Release|Any CPU.ActiveCfg = Release|Any CPU
		{EC73F5AF-8291-4F23-BE5D-67ED3D549A9E}.Release|Any CPU.Build.0 = Release|Any CPU
		{8032655B-848A-431B-974A-0B0E613307C1}.Debug|Any CPU.ActiveCfg = Debug|Any CPU
		{8032655B-848A-431B-974A-0B0E613307C1}.Debug|Any CPU.Build.0 = Debug|Any CPU
		{8032655B-848A-431B-974A-0B0E613307C1}.Release|Any CPU.ActiveCfg = Release|Any CPU
		{8032655B-848A-431B-974A-0B0E613307C1}.Release|Any CPU.Build.0 = Release|Any CPU
		{1B57A881-FFE0-4ACE-BF72-D17B288B4906}.Debug|Any CPU.ActiveCfg = Debug|Any CPU
		{1B57A881-FFE0-4ACE-BF72-D17B288B4906}.Debug|Any CPU.Build.0 = Debug|Any CPU
		{1B57A881-FFE0-4ACE-BF72-D17B288B4906}.Release|Any CPU.ActiveCfg = Release|Any CPU
		{1B57A881-FFE0-4ACE-BF72-D17B288B4906}.Release|Any CPU.Build.0 = Release|Any CPU
	EndGlobalSection
	GlobalSection(SolutionProperties) = preSolution
		HideSolutionNode = FALSE
	EndGlobalSection
	GlobalSection(ExtensibilityGlobals) = postSolution
		SolutionGuid = {FE1749E2-3321-43DA-924C-97081289F201}
	EndGlobalSection
EndGlobal
